DEPENDENCIES
  apt
  firewall-test
    path: test/fixtures/cookbooks/firewall-test
  midins-firewall
    path: .
    metadata: true

GRAPH
  apt (6.1.4)
  chef-sugar (3.4.0)
  firewall-test (1.0.0)
    chef-sugar (>= 0.0.0)
    midins-firewall (>= 0.0.0)
  midins-firewall (1.0.1)
    chef-sugar (>= 0.0.0)
